
Microsoft Visual Studio Solution File, Format Version 12.00
# Visual Studio 14
VisualStudioVersion = 14.0.25420.1
MinimumVisualStudioVersion = 10.0.40219.1
Project("{FAE04EC0-301F-11D3-BF4B-00C04F79EFBC}") = "MainRoadModel", "MainRoadModel\MainRoadModel.csproj", "{684830CE-7840-4E14-8B95-07C2FED18FF1}"
EndProject
Project("{FAE04EC0-301F-11D3-BF4B-00C04F79EFBC}") = "ModelTester", "ModelTester\ModelTester.csproj", "{6C461BF1-7374-4E16-81B8-A3EAC7B323C3}"
EndProject
Global
	GlobalSection(SolutionConfigurationPlatforms) = preSolution
		Debug|Any CPU = Debug|Any CPU
		Release|Any CPU = Release|Any CPU
	EndGlobalSection
	GlobalSection(ProjectConfigurationPlatforms) = postSolution
		{684830CE-7840-4E14-8B95-07C2FED18FF1}.Debug|Any CPU.ActiveCfg = Debug|Any CPU
		{684830CE-7840-4E14-8B95-07C2FED18FF1}.Debug|Any CPU.Build.0 = Debug|Any CPU
		{684830CE-7840-4E14-8B95-07C2FED18FF1}.Release|Any CPU.ActiveCfg = Release|Any CPU
		{684830CE-7840-4E14-8B95-07C2FED18FF1}.Release|Any CPU.Build.0 = Release|Any CPU
		{6C461BF1-7374-4E16-81B8-A3EAC7B323C3}.Debug|Any CPU.ActiveCfg = Debug|Any CPU
		{6C461BF1-7374-4E16-81B8-A3EAC7B323C3}.Debug|Any CPU.Build.0 = Debug|Any CPU
		{6C461BF1-7374-4E16-81B8-A3EAC7B323C3}.Release|Any CPU.ActiveCfg = Release|Any CPU
		{6C461BF1-7374-4E16-81B8-A3EAC7B323C3}.Release|Any CPU.Build.0 = Release|Any CPU
	EndGlobalSection
	GlobalSection(SolutionProperties) = preSolution
		HideSolutionNode = FALSE
	EndGlobalSection
EndGlobal
